
Microsoft Visual Studio Solution File, Format Version 12.00
# Visual Studio Version 17
VisualStudioVersion = 17.0.32112.339
MinimumVisualStudioVersion = 10.0.40219.1
Project("{9A19103F-16F7-4668-BE54-9A1E7A4F7556}") = "E-Journal.Shared", "E-Journal.Shared\E-Journal.Shared.csproj", "{8A4C2532-3947-45CF-9EC3-E77F636C754F}"
EndProject
Project("{9A19103F-16F7-4668-BE54-9A1E7A4F7556}") = "E-Journal.Parser", "E-Journal.Parser\E-Journal.Parser.csproj", "{31A65530-E0A8-4745-BE4C-387A268C140A}"
EndProject
Project("{9A19103F-16F7-4668-BE54-9A1E7A4F7556}") = "E-Journal.Parser.Tests", "E-Journal.Parser.Tests\E-Journal.Parser.Tests.csproj", "{469039D9-D7A0-419E-9368-25CC4FC73C9C}"
EndProject
Project("{E53339B2-1760-4266-BCC7-CA923CBCF16C}") = "docker-compose", "docker-compose.dcproj", "{DB8F9E4D-E6C4-45D7-B5EF-D923FD8E3C3C}"
EndProject
Project("{9A19103F-16F7-4668-BE54-9A1E7A4F7556}") = "E-Journal.WebUI", "E-Journal.WebUI\E-Journal.WebUI.csproj", "{1AC2D4AD-404C-45F6-A44A-88F08B19787A}"
EndProject
Project("{FAE04EC0-301F-11D3-BF4B-00C04F79EFBC}") = "E-Journal.SchedulesApi", "E-Journal.SchedulesApi\E-Journal.SchedulesApi.csproj", "{7C15107B-AF7B-41DD-8A92-743F8B4B6DF7}"
EndProject
Global
	GlobalSection(SolutionConfigurationPlatforms) = preSolution
		Debug|Any CPU = Debug|Any CPU
		Release|Any CPU = Release|Any CPU
	EndGlobalSection
	GlobalSection(ProjectConfigurationPlatforms) = postSolution
		{8A4C2532-3947-45CF-9EC3-E77F636C754F}.Debug|Any CPU.ActiveCfg = Debug|Any CPU
		{8A4C2532-3947-45CF-9EC3-E77F636C754F}.Debug|Any CPU.Build.0 = Debug|Any CPU
		{8A4C2532-3947-45CF-9EC3-E77F636C754F}.Release|Any CPU.ActiveCfg = Release|Any CPU
		{8A4C2532-3947-45CF-9EC3-E77F636C754F}.Release|Any CPU.Build.0 = Release|Any CPU
		{31A65530-E0A8-4745-BE4C-387A268C140A}.Debug|Any CPU.ActiveCfg = Debug|Any CPU
		{31A65530-E0A8-4745-BE4C-387A268C140A}.Debug|Any CPU.Build.0 = Debug|Any CPU
		{31A65530-E0A8-4745-BE4C-387A268C140A}.Release|Any CPU.ActiveCfg = Release|Any CPU
		{31A65530-E0A8-4745-BE4C-387A268C140A}.Release|Any CPU.Build.0 = Release|Any CPU
		{469039D9-D7A0-419E-9368-25CC4FC73C9C}.Debug|Any CPU.ActiveCfg = Debug|Any CPU
		{469039D9-D7A0-419E-9368-25CC4FC73C9C}.Debug|Any CPU.Build.0 = Debug|Any CPU
		{469039D9-D7A0-419E-9368-25CC4FC73C9C}.Release|Any CPU.ActiveCfg = Release|Any CPU
		{469039D9-D7A0-419E-9368-25CC4FC73C9C}.Release|Any CPU.Build.0 = Release|Any CPU
		{DB8F9E4D-E6C4-45D7-B5EF-D923FD8E3C3C}.Debug|Any CPU.ActiveCfg = Debug|Any CPU
		{DB8F9E4D-E6C4-45D7-B5EF-D923FD8E3C3C}.Debug|Any CPU.Build.0 = Debug|Any CPU
		{DB8F9E4D-E6C4-45D7-B5EF-D923FD8E3C3C}.Release|Any CPU.ActiveCfg = Release|Any CPU
		{DB8F9E4D-E6C4-45D7-B5EF-D923FD8E3C3C}.Release|Any CPU.Build.0 = Release|Any CPU
		{1AC2D4AD-404C-45F6-A44A-88F08B19787A}.Debug|Any CPU.ActiveCfg = Debug|Any CPU
		{1AC2D4AD-404C-45F6-A44A-88F08B19787A}.Debug|Any CPU.Build.0 = Debug|Any CPU
		{1AC2D4AD-404C-45F6-A44A-88F08B19787A}.Release|Any CPU.ActiveCfg = Release|Any CPU
		{1AC2D4AD-404C-45F6-A44A-88F08B19787A}.Release|Any CPU.Build.0 = Release|Any CPU
		{7C15107B-AF7B-41DD-8A92-743F8B4B6DF7}.Debug|Any CPU.ActiveCfg = Debug|Any CPU
		{7C15107B-AF7B-41DD-8A92-743F8B4B6DF7}.Debug|Any CPU.Build.0 = Debug|Any CPU
		{7C15107B-AF7B-41DD-8A92-743F8B4B6DF7}.Release|Any CPU.ActiveCfg = Release|Any CPU
		{7C15107B-AF7B-41DD-8A92-743F8B4B6DF7}.Release|Any CPU.Build.0 = Release|Any CPU
	EndGlobalSection
	GlobalSection(SolutionProperties) = preSolution
		HideSolutionNode = FALSE
	EndGlobalSection
	GlobalSection(ExtensibilityGlobals) = postSolution
		SolutionGuid = {5CBBD8E3-1463-4EAF-A473-47EE618265B3}
	EndGlobalSection
EndGlobal
